
Microsoft Visual Studio Solution File, Format Version 11.00
# Visual C++ Express 2010
Project("{8BC9CEB8-8B4A-11D0-8D11-00A0C91BC942}") = "NonEuclid", "NonEuclid\NonEuclid.vcxproj", "{C775C201-C464-48A2-86CF-6FA5CABAB4BC}"
EndProject
Global
	GlobalSection(SolutionConfigurationPlatforms) = preSolution
		Debug|Win32 = Debug|Win32
		Release|Win32 = Release|Win32
	EndGlobalSection
	GlobalSection(ProjectConfigurationPlatforms) = postSolution
		{C775C201-C464-48A2-86CF-6FA5CABAB4BC}.Debug|Win32.ActiveCfg = Debug|Win32
		{C775C201-C464-48A2-86CF-6FA5CABAB4BC}.Debug|Win32.Build.0 = Debug|Win32
		{C775C201-C464-48A2-86CF-6FA5CABAB4BC}.Release|Win32.ActiveCfg = Release|Win32
		{C775C201-C464-48A2-86CF-6FA5CABAB4BC}.Release|Win32.Build.0 = Release|Win32
	EndGlobalSection
	GlobalSection(SolutionProperties) = preSolution
		HideSolutionNode = FALSE
	EndGlobalSection
EndGlobal
