<?xml version="1.0" encoding="utf-8"?>
<Project ToolsVersion="4.0" xmlns="http://schemas.microsoft.com/developer/msbuild/2003">
  <ItemGroup>
    <Filter Include="Source Files">
      <UniqueIdentifier>{4FC737F1-C7A5-4376-A066-2A32D752A2FF}</UniqueIdentifier>
      <Extensions>cpp;c;cc;cxx;def;odl;idl;hpj;bat;asm;asmx</Extensions>
    </Filter>
    <Filter Include="Header Files">
      <UniqueIdentifier>{93995380-89BD-4b04-88EB-625FBE52EBFB}</UniqueIdentifier>
      <Extensions>h;hpp;hxx;hm;inl;inc;xsd</Extensions>
    </Filter>
    <Filter Include="Resource Files">
      <UniqueIdentifier>{67DA6AB6-F800-4c08-8B7A-83BB121AAD01}</UniqueIdentifier>
      <Extensions>rc;ico;cur;bmp;dlg;rc2;rct;bin;rgs;gif;jpg;jpeg;jpe;resx;tiff;tif;png;wav;mfcribbon-ms</Extensions>
    </Filter>
    <Filter Include="Source Files\luabind">
      <UniqueIdentifier>{02656f5b-90c2-44fc-9d41-cfa3f231fa4b}</UniqueIdentifier>
    </Filter>
  </ItemGroup>
  <ItemGroup>
    <ClCompile Include="main.cpp">
      <Filter>Source Files</Filter>
    </ClCompile>
    <ClCompile Include="level.cpp">
      <Filter>Source Files</Filter>
    </ClCompile>
    <ClCompile Include="objects.cpp">
      <Filter>Source Files</Filter>
    </ClCompile>
    <ClCompile Include="tinyxml2.cpp">
      <Filter>Source Files</Filter>
    </ClCompile>
    <ClCompile Include="util.cpp">
      <Filter>Source Files</Filter>
    </ClCompile>
    <ClCompile Include="template.cpp">
      <Filter>Source Files</Filter>
    </ClCompile>
    <ClCompile Include="templatenode.cpp">
      <Filter>Source Files</Filter>
    </ClCompile>
    <ClCompile Include="..\..\..\Libraries\luabind-0.9.1\src\link_compatibility.cpp">
      <Filter>Source Files\luabind</Filter>
    </ClCompile>
    <ClCompile Include="..\..\..\Libraries\luabind-0.9.1\src\object_rep.cpp">
      <Filter>Source Files\luabind</Filter>
    </ClCompile>
    <ClCompile Include="..\..\..\Libraries\luabind-0.9.1\src\open.cpp">
      <Filter>Source Files\luabind</Filter>
    </ClCompile>
    <ClCompile Include="..\..\..\Libraries\luabind-0.9.1\src\pcall.cpp">
      <Filter>Source Files\luabind</Filter>
    </ClCompile>
    <ClCompile Include="..\..\..\Libraries\luabind-0.9.1\src\scope.cpp">
      <Filter>Source Files\luabind</Filter>
    </ClCompile>
    <ClCompile Include="..\..\..\Libraries\luabind-0.9.1\src\stack_content_by_name.cpp">
      <Filter>Source Files\luabind</Filter>
    </ClCompile>
    <ClCompile Include="..\..\..\Libraries\luabind-0.9.1\src\weak_ref.cpp">
      <Filter>Source Files\luabind</Filter>
    </ClCompile>
    <ClCompile Include="..\..\..\Libraries\luabind-0.9.1\src\wrapper_base.cpp">
      <Filter>Source Files\luabind</Filter>
    </ClCompile>
    <ClCompile Include="..\..\..\Libraries\luabind-0.9.1\src\class.cpp">
      <Filter>Source Files\luabind</Filter>
    </ClCompile>
    <ClCompile Include="..\..\..\Libraries\luabind-0.9.1\src\class_info.cpp">
      <Filter>Source Files\luabind</Filter>
    </ClCompile>
    <ClCompile Include="..\..\..\Libraries\luabind-0.9.1\src\class_registry.cpp">
      <Filter>Source Files\luabind</Filter>
    </ClCompile>
    <ClCompile Include="..\..\..\Libraries\luabind-0.9.1\src\class_rep.cpp">
      <Filter>Source Files\luabind</Filter>
    </ClCompile>
    <ClCompile Include="..\..\..\Libraries\luabind-0.9.1\src\create_class.cpp">
      <Filter>Source Files\luabind</Filter>
    </ClCompile>
    <ClCompile Include="..\..\..\Libraries\luabind-0.9.1\src\error.cpp">
      <Filter>Source Files\luabind</Filter>
    </ClCompile>
    <ClCompile Include="..\..\..\Libraries\luabind-0.9.1\src\exception_handler.cpp">
      <Filter>Source Files\luabind</Filter>
    </ClCompile>
    <ClCompile Include="..\..\..\Libraries\luabind-0.9.1\src\function.cpp">
      <Filter>Source Files\luabind</Filter>
    </ClCompile>
    <ClCompile Include="..\..\..\Libraries\luabind-0.9.1\src\inheritance.cpp">
      <Filter>Source Files\luabind</Filter>
    </ClCompile>
    <ClCompile Include="scripting.cpp">
      <Filter>Source Files</Filter>
    </ClCompile>
    <ClCompile Include="graphics.cpp">
      <Filter>Source Files</Filter>
    </ClCompile>
    <ClCompile Include="softwarerenderer.cpp">
      <Filter>Source Files</Filter>
    </ClCompile>
  </ItemGroup>
  <ItemGroup>
    <ClInclude Include="level.h">
      <Filter>Header Files</Filter>
    </ClInclude>
    <ClInclude Include="objects.h">
      <Filter>Header Files</Filter>
    </ClInclude>
    <ClInclude Include="tinyxml2.h">
      <Filter>Header Files</Filter>
    </ClInclude>
    <ClInclude Include="util.h">
      <Filter>Header Files</Filter>
    </ClInclude>
    <ClInclude Include="dependencies.h">
      <Filter>Header Files</Filter>
    </ClInclude>
    <ClInclude Include="template.h">
      <Filter>Header Files</Filter>
    </ClInclude>
    <ClInclude Include="scripting.h">
      <Filter>Header Files</Filter>
    </ClInclude>
    <ClInclude Include="graphics.h">
      <Filter>Header Files</Filter>
    </ClInclude>
  </ItemGroup>
</Project>